
Microsoft Visual Studio Solution File, Format Version 12.00
# Visual Studio 2013
VisualStudioVersion = 12.0.30324.0
MinimumVisualStudioVersion = 10.0.40219.1
Project("{D954291E-2A0B-460D-934E-DC6B0785DB48}") = "DietCalculator.Core", "DietCalculator.Core\DietCalculator.Core.shproj", "{12B8E7DB-021A-4C0F-858F-747285C20033}"
EndProject
Project("{FAE04EC0-301F-11D3-BF4B-00C04F79EFBC}") = "DietCalculator.Droid", "DietCalculator.Droid\DietCalculator.Droid.csproj", "{64373EF4-B798-43EC-A7BF-818E047ACA80}"
EndProject
Project("{FAE04EC0-301F-11D3-BF4B-00C04F79EFBC}") = "DietCalculator.iOS", "DietCalculator.iOS\DietCalculator.iOS.csproj", "{2E767A03-6A3A-4D7C-A1DC-E9FE8DA3CD51}"
EndProject
Project("{FAE04EC0-301F-11D3-BF4B-00C04F79EFBC}") = "DietCalculator.Windows", "DietCalculator.Windows\DietCalculator.Windows.csproj", "{B887BE89-ADC2-422B-B71B-4871FDE15DB7}"
EndProject
Project("{FAE04EC0-301F-11D3-BF4B-00C04F79EFBC}") = "DietCalculator.WindowsPhone", "DietCalculator.WindowsPhone\DietCalculator.WindowsPhone.csproj", "{DAA36D62-D256-431F-90C7-623D2E2298CC}"
EndProject
Global
	GlobalSection(SharedMSBuildProjectFiles) = preSolution
		DietCalculator.Core\DietCalculator.Core.projitems*{2e767a03-6a3a-4d7c-a1dc-e9fe8da3cd51}*SharedItemsImports = 4
		DietCalculator.Core\DietCalculator.Core.projitems*{64373ef4-b798-43ec-a7bf-818e047aca80}*SharedItemsImports = 4
		DietCalculator.Core\DietCalculator.Core.projitems*{b887be89-adc2-422b-b71b-4871fde15db7}*SharedItemsImports = 4
		DietCalculator.Core\DietCalculator.Core.projitems*{12b8e7db-021a-4c0f-858f-747285c20033}*SharedItemsImports = 13
		DietCalculator.Core\DietCalculator.Core.projitems*{daa36d62-d256-431f-90c7-623d2e2298cc}*SharedItemsImports = 4
	EndGlobalSection
	GlobalSection(SolutionConfigurationPlatforms) = preSolution
		Ad-Hoc|Any CPU = Ad-Hoc|Any CPU
		Ad-Hoc|ARM = Ad-Hoc|ARM
		Ad-Hoc|iPhone = Ad-Hoc|iPhone
		Ad-Hoc|iPhoneSimulator = Ad-Hoc|iPhoneSimulator
		Ad-Hoc|Mixed Platforms = Ad-Hoc|Mixed Platforms
		Ad-Hoc|x64 = Ad-Hoc|x64
		Ad-Hoc|x86 = Ad-Hoc|x86
		AppStore|Any CPU = AppStore|Any CPU
		AppStore|ARM = AppStore|ARM
		AppStore|iPhone = AppStore|iPhone
		AppStore|iPhoneSimulator = AppStore|iPhoneSimulator
		AppStore|Mixed Platforms = AppStore|Mixed Platforms
		AppStore|x64 = AppStore|x64
		AppStore|x86 = AppStore|x86
		Debug|Any CPU = Debug|Any CPU
		Debug|ARM = Debug|ARM
		Debug|iPhone = Debug|iPhone
		Debug|iPhoneSimulator = Debug|iPhoneSimulator
		Debug|Mixed Platforms = Debug|Mixed Platforms
		Debug|x64 = Debug|x64
		Debug|x86 = Debug|x86
		Release|Any CPU = Release|Any CPU
		Release|ARM = Release|ARM
		Release|iPhone = Release|iPhone
		Release|iPhoneSimulator = Release|iPhoneSimulator
		Release|Mixed Platforms = Release|Mixed Platforms
		Release|x64 = Release|x64
		Release|x86 = Release|x86
	EndGlobalSection
	GlobalSection(ProjectConfigurationPlatforms) = postSolution
		{64373EF4-B798-43EC-A7BF-818E047ACA80}.Ad-Hoc|Any CPU.ActiveCfg = Release|Any CPU
		{64373EF4-B798-43EC-A7BF-818E047ACA80}.Ad-Hoc|Any CPU.Build.0 = Release|Any CPU
		{64373EF4-B798-43EC-A7BF-818E047ACA80}.Ad-Hoc|Any CPU.Deploy.0 = Release|Any CPU
		{64373EF4-B798-43EC-A7BF-818E047ACA80}.Ad-Hoc|ARM.ActiveCfg = Release|Any CPU
		{64373EF4-B798-43EC-A7BF-818E047ACA80}.Ad-Hoc|iPhone.ActiveCfg = Release|Any CPU
		{64373EF4-B798-43EC-A7BF-818E047ACA80}.Ad-Hoc|iPhoneSimulator.ActiveCfg = Release|Any CPU
		{64373EF4-B798-43EC-A7BF-818E047ACA80}.Ad-Hoc|Mixed Platforms.ActiveCfg = Release|Any CPU
		{64373EF4-B798-43EC-A7BF-818E047ACA80}.Ad-Hoc|Mixed Platforms.Build.0 = Release|Any CPU
		{64373EF4-B798-43EC-A7BF-818E047ACA80}.Ad-Hoc|Mixed Platforms.Deploy.0 = Release|Any CPU
		{64373EF4-B798-43EC-A7BF-818E047ACA80}.Ad-Hoc|x64.ActiveCfg = Release|Any CPU
		{64373EF4-B798-43EC-A7BF-818E047ACA80}.Ad-Hoc|x86.ActiveCfg = Release|Any CPU
		{64373EF4-B798-43EC-A7BF-818E047ACA80}.AppStore|Any CPU.ActiveCfg = Release|Any CPU
		{64373EF4-B798-43EC-A7BF-818E047ACA80}.AppStore|Any CPU.Build.0 = Release|Any CPU
		{64373EF4-B798-43EC-A7BF-818E047ACA80}.AppStore|Any CPU.Deploy.0 = Release|Any CPU
		{64373EF4-B798-43EC-A7BF-818E047ACA80}.AppStore|ARM.ActiveCfg = Release|Any CPU
		{64373EF4-B798-43EC-A7BF-818E047ACA80}.AppStore|iPhone.ActiveCfg = Release|Any CPU
		{64373EF4-B798-43EC-A7BF-818E047ACA80}.AppStore|iPhoneSimulator.ActiveCfg = Release|Any CPU
		{64373EF4-B798-43EC-A7BF-818E047ACA80}.AppStore|Mixed Platforms.ActiveCfg = Release|Any CPU
		{64373EF4-B798-43EC-A7BF-818E047ACA80}.AppStore|Mixed Platforms.Build.0 = Release|Any CPU
		{64373EF4-B798-43EC-A7BF-818E047ACA80}.AppStore|Mixed Platforms.Deploy.0 = Release|Any CPU
		{64373EF4-B798-43EC-A7BF-818E047ACA80}.AppStore|x64.ActiveCfg = Release|Any CPU
		{64373EF4-B798-43EC-A7BF-818E047ACA80}.AppStore|x86.ActiveCfg = Release|Any CPU
		{64373EF4-B798-43EC-A7BF-818E047ACA80}.Debug|Any CPU.ActiveCfg = Debug|Any CPU
		{64373EF4-B798-43EC-A7BF-818E047ACA80}.Debug|Any CPU.Build.0 = Debug|Any CPU
		{64373EF4-B798-43EC-A7BF-818E047ACA80}.Debug|Any CPU.Deploy.0 = Debug|Any CPU
		{64373EF4-B798-43EC-A7BF-818E047ACA80}.Debug|ARM.ActiveCfg = Debug|Any CPU
		{64373EF4-B798-43EC-A7BF-818E047ACA80}.Debug|iPhone.ActiveCfg = Debug|Any CPU
		{64373EF4-B798-43EC-A7BF-818E047ACA80}.Debug|iPhoneSimulator.ActiveCfg = Debug|Any CPU
		{64373EF4-B798-43EC-A7BF-818E047ACA80}.Debug|iPhoneSimulator.Build.0 = Debug|Any CPU
		{64373EF4-B798-43EC-A7BF-818E047ACA80}.Debug|iPhoneSimulator.Deploy.0 = Debug|Any CPU
		{64373EF4-B798-43EC-A7BF-818E047ACA80}.Debug|Mixed Platforms.ActiveCfg = Debug|Any CPU
		{64373EF4-B798-43EC-A7BF-818E047ACA80}.Debug|Mixed Platforms.Build.0 = Debug|Any CPU
		{64373EF4-B798-43EC-A7BF-818E047ACA80}.Debug|Mixed Platforms.Deploy.0 = Debug|Any CPU
		{64373EF4-B798-43EC-A7BF-818E047ACA80}.Debug|x64.ActiveCfg = Debug|Any CPU
		{64373EF4-B798-43EC-A7BF-818E047ACA80}.Debug|x86.ActiveCfg = Debug|Any CPU
		{64373EF4-B798-43EC-A7BF-818E047ACA80}.Release|Any CPU.ActiveCfg = Release|Any CPU
		{64373EF4-B798-43EC-A7BF-818E047ACA80}.Release|Any CPU.Build.0 = Release|Any CPU
		{64373EF4-B798-43EC-A7BF-818E047ACA80}.Release|Any CPU.Deploy.0 = Release|Any CPU
		{64373EF4-B798-43EC-A7BF-818E047ACA80}.Release|ARM.ActiveCfg = Release|Any CPU
		{64373EF4-B798-43EC-A7BF-818E047ACA80}.Release|iPhone.ActiveCfg = Release|Any CPU
		{64373EF4-B798-43EC-A7BF-818E047ACA80}.Release|iPhoneSimulator.ActiveCfg = Release|Any CPU
		{64373EF4-B798-43EC-A7BF-818E047ACA80}.Release|Mixed Platforms.ActiveCfg = Release|Any CPU
		{64373EF4-B798-43EC-A7BF-818E047ACA80}.Release|Mixed Platforms.Build.0 = Release|Any CPU
		{64373EF4-B798-43EC-A7BF-818E047ACA80}.Release|Mixed Platforms.Deploy.0 = Release|Any CPU
		{64373EF4-B798-43EC-A7BF-818E047ACA80}.Release|x64.ActiveCfg = Release|Any CPU
		{64373EF4-B798-43EC-A7BF-818E047ACA80}.Release|x86.ActiveCfg = Release|Any CPU
		{2E767A03-6A3A-4D7C-A1DC-E9FE8DA3CD51}.Ad-Hoc|Any CPU.ActiveCfg = Ad-Hoc|iPhone
		{2E767A03-6A3A-4D7C-A1DC-E9FE8DA3CD51}.Ad-Hoc|ARM.ActiveCfg = Ad-Hoc|iPhone
		{2E767A03-6A3A-4D7C-A1DC-E9FE8DA3CD51}.Ad-Hoc|iPhone.ActiveCfg = Ad-Hoc|iPhone
		{2E767A03-6A3A-4D7C-A1DC-E9FE8DA3CD51}.Ad-Hoc|iPhone.Build.0 = Ad-Hoc|iPhone
		{2E767A03-6A3A-4D7C-A1DC-E9FE8DA3CD51}.Ad-Hoc|iPhone.Deploy.0 = Ad-Hoc|iPhone
		{2E767A03-6A3A-4D7C-A1DC-E9FE8DA3CD51}.Ad-Hoc|iPhoneSimulator.ActiveCfg = Ad-Hoc|iPhoneSimulator
		{2E767A03-6A3A-4D7C-A1DC-E9FE8DA3CD51}.Ad-Hoc|iPhoneSimulator.Build.0 = Ad-Hoc|iPhoneSimulator
		{2E767A03-6A3A-4D7C-A1DC-E9FE8DA3CD51}.Ad-Hoc|iPhoneSimulator.Deploy.0 = Ad-Hoc|iPhoneSimulator
		{2E767A03-6A3A-4D7C-A1DC-E9FE8DA3CD51}.Ad-Hoc|Mixed Platforms.ActiveCfg = Ad-Hoc|iPhone
		{2E767A03-6A3A-4D7C-A1DC-E9FE8DA3CD51}.Ad-Hoc|Mixed Platforms.Build.0 = Ad-Hoc|iPhone
		{2E767A03-6A3A-4D7C-A1DC-E9FE8DA3CD51}.Ad-Hoc|Mixed Platforms.Deploy.0 = Ad-Hoc|iPhone
		{2E767A03-6A3A-4D7C-A1DC-E9FE8DA3CD51}.Ad-Hoc|x64.ActiveCfg = Ad-Hoc|iPhone
		{2E767A03-6A3A-4D7C-A1DC-E9FE8DA3CD51}.Ad-Hoc|x86.ActiveCfg = Ad-Hoc|iPhone
		{2E767A03-6A3A-4D7C-A1DC-E9FE8DA3CD51}.AppStore|Any CPU.ActiveCfg = AppStore|iPhone
		{2E767A03-6A3A-4D7C-A1DC-E9FE8DA3CD51}.AppStore|ARM.ActiveCfg = AppStore|iPhone
		{2E767A03-6A3A-4D7C-A1DC-E9FE8DA3CD51}.AppStore|iPhone.ActiveCfg = AppStore|iPhone
		{2E767A03-6A3A-4D7C-A1DC-E9FE8DA3CD51}.AppStore|iPhone.Build.0 = AppStore|iPhone
		{2E767A03-6A3A-4D7C-A1DC-E9FE8DA3CD51}.AppStore|iPhone.Deploy.0 = AppStore|iPhone
		{2E767A03-6A3A-4D7C-A1DC-E9FE8DA3CD51}.AppStore|iPhoneSimulator.ActiveCfg = AppStore|iPhoneSimulator
		{2E767A03-6A3A-4D7C-A1DC-E9FE8DA3CD51}.AppStore|iPhoneSimulator.Build.0 = AppStore|iPhoneSimulator
		{2E767A03-6A3A-4D7C-A1DC-E9FE8DA3CD51}.AppStore|iPhoneSimulator.Deploy.0 = AppStore|iPhoneSimulator
		{2E767A03-6A3A-4D7C-A1DC-E9FE8DA3CD51}.AppStore|Mixed Platforms.ActiveCfg = AppStore|iPhone
		{2E767A03-6A3A-4D7C-A1DC-E9FE8DA3CD51}.AppStore|Mixed Platforms.Build.0 = AppStore|iPhone
		{2E767A03-6A3A-4D7C-A1DC-E9FE8DA3CD51}.AppStore|Mixed Platforms.Deploy.0 = AppStore|iPhone
		{2E767A03-6A3A-4D7C-A1DC-E9FE8DA3CD51}.AppStore|x64.ActiveCfg = AppStore|iPhone
		{2E767A03-6A3A-4D7C-A1DC-E9FE8DA3CD51}.AppStore|x86.ActiveCfg = AppStore|iPhone
		{2E767A03-6A3A-4D7C-A1DC-E9FE8DA3CD51}.Debug|Any CPU.ActiveCfg = Debug|iPhone
		{2E767A03-6A3A-4D7C-A1DC-E9FE8DA3CD51}.Debug|ARM.ActiveCfg = Debug|iPhone
		{2E767A03-6A3A-4D7C-A1DC-E9FE8DA3CD51}.Debug|iPhone.ActiveCfg = Debug|iPhone
		{2E767A03-6A3A-4D7C-A1DC-E9FE8DA3CD51}.Debug|iPhone.Build.0 = Debug|iPhone
		{2E767A03-6A3A-4D7C-A1DC-E9FE8DA3CD51}.Debug|iPhone.Deploy.0 = Debug|iPhone
		{2E767A03-6A3A-4D7C-A1DC-E9FE8DA3CD51}.Debug|iPhoneSimulator.ActiveCfg = Debug|iPhoneSimulator
		{2E767A03-6A3A-4D7C-A1DC-E9FE8DA3CD51}.Debug|iPhoneSimulator.Build.0 = Debug|iPhoneSimulator
		{2E767A03-6A3A-4D7C-A1DC-E9FE8DA3CD51}.Debug|iPhoneSimulator.Deploy.0 = Debug|iPhoneSimulator
		{2E767A03-6A3A-4D7C-A1DC-E9FE8DA3CD51}.Debug|Mixed Platforms.ActiveCfg = Debug|iPhone
		{2E767A03-6A3A-4D7C-A1DC-E9FE8DA3CD51}.Debug|Mixed Platforms.Build.0 = Debug|iPhone
		{2E767A03-6A3A-4D7C-A1DC-E9FE8DA3CD51}.Debug|Mixed Platforms.Deploy.0 = Debug|iPhone
		{2E767A03-6A3A-4D7C-A1DC-E9FE8DA3CD51}.Debug|x64.ActiveCfg = Debug|iPhone
		{2E767A03-6A3A-4D7C-A1DC-E9FE8DA3CD51}.Debug|x86.ActiveCfg = Debug|iPhone
		{2E767A03-6A3A-4D7C-A1DC-E9FE8DA3CD51}.Release|Any CPU.ActiveCfg = Release|iPhone
		{2E767A03-6A3A-4D7C-A1DC-E9FE8DA3CD51}.Release|ARM.ActiveCfg = Release|iPhone
		{2E767A03-6A3A-4D7C-A1DC-E9FE8DA3CD51}.Release|iPhone.ActiveCfg = Release|iPhone
		{2E767A03-6A3A-4D7C-A1DC-E9FE8DA3CD51}.Release|iPhone.Build.0 = Release|iPhone
		{2E767A03-6A3A-4D7C-A1DC-E9FE8DA3CD51}.Release|iPhone.Deploy.0 = Release|iPhone
		{2E767A03-6A3A-4D7C-A1DC-E9FE8DA3CD51}.Release|iPhoneSimulator.ActiveCfg = Release|iPhoneSimulator
		{2E767A03-6A3A-4D7C-A1DC-E9FE8DA3CD51}.Release|iPhoneSimulator.Build.0 = Release|iPhoneSimulator
		{2E767A03-6A3A-4D7C-A1DC-E9FE8DA3CD51}.Release|iPhoneSimulator.Deploy.0 = Release|iPhoneSimulator
		{2E767A03-6A3A-4D7C-A1DC-E9FE8DA3CD51}.Release|Mixed Platforms.ActiveCfg = Release|iPhone
		{2E767A03-6A3A-4D7C-A1DC-E9FE8DA3CD51}.Release|Mixed Platforms.Build.0 = Release|iPhone
		{2E767A03-6A3A-4D7C-A1DC-E9FE8DA3CD51}.Release|Mixed Platforms.Deploy.0 = Release|iPhone
		{2E767A03-6A3A-4D7C-A1DC-E9FE8DA3CD51}.Release|x64.ActiveCfg = Release|iPhone
		{2E767A03-6A3A-4D7C-A1DC-E9FE8DA3CD51}.Release|x86.ActiveCfg = Release|iPhone
		{B887BE89-ADC2-422B-B71B-4871FDE15DB7}.Ad-Hoc|Any CPU.ActiveCfg = Release|Any CPU
		{B887BE89-ADC2-422B-B71B-4871FDE15DB7}.Ad-Hoc|Any CPU.Build.0 = Release|Any CPU
		{B887BE89-ADC2-422B-B71B-4871FDE15DB7}.Ad-Hoc|Any CPU.Deploy.0 = Release|Any CPU
		{B887BE89-ADC2-422B-B71B-4871FDE15DB7}.Ad-Hoc|ARM.ActiveCfg = Release|ARM
		{B887BE89-ADC2-422B-B71B-4871FDE15DB7}.Ad-Hoc|ARM.Build.0 = Release|ARM
		{B887BE89-ADC2-422B-B71B-4871FDE15DB7}.Ad-Hoc|ARM.Deploy.0 = Release|ARM
		{B887BE89-ADC2-422B-B71B-4871FDE15DB7}.Ad-Hoc|iPhone.ActiveCfg = Release|Any CPU
		{B887BE89-ADC2-422B-B71B-4871FDE15DB7}.Ad-Hoc|iPhoneSimulator.ActiveCfg = Release|Any CPU
		{B887BE89-ADC2-422B-B71B-4871FDE15DB7}.Ad-Hoc|Mixed Platforms.ActiveCfg = Release|x86
		{B887BE89-ADC2-422B-B71B-4871FDE15DB7}.Ad-Hoc|Mixed Platforms.Build.0 = Release|x86
		{B887BE89-ADC2-422B-B71B-4871FDE15DB7}.Ad-Hoc|Mixed Platforms.Deploy.0 = Release|x86
		{B887BE89-ADC2-422B-B71B-4871FDE15DB7}.Ad-Hoc|x64.ActiveCfg = Release|x64
		{B887BE89-ADC2-422B-B71B-4871FDE15DB7}.Ad-Hoc|x64.Build.0 = Release|x64
		{B887BE89-ADC2-422B-B71B-4871FDE15DB7}.Ad-Hoc|x64.Deploy.0 = Release|x64
		{B887BE89-ADC2-422B-B71B-4871FDE15DB7}.Ad-Hoc|x86.ActiveCfg = Release|x86
		{B887BE89-ADC2-422B-B71B-4871FDE15DB7}.Ad-Hoc|x86.Build.0 = Release|x86
		{B887BE89-ADC2-422B-B71B-4871FDE15DB7}.Ad-Hoc|x86.Deploy.0 = Release|x86
		{B887BE89-ADC2-422B-B71B-4871FDE15DB7}.AppStore|Any CPU.ActiveCfg = Release|Any CPU
		{B887BE89-ADC2-422B-B71B-4871FDE15DB7}.AppStore|Any CPU.Build.0 = Release|Any CPU
		{B887BE89-ADC2-422B-B71B-4871FDE15DB7}.AppStore|Any CPU.Deploy.0 = Release|Any CPU
		{B887BE89-ADC2-422B-B71B-4871FDE15DB7}.AppStore|ARM.ActiveCfg = Release|ARM
		{B887BE89-ADC2-422B-B71B-4871FDE15DB7}.AppStore|ARM.Build.0 = Release|ARM
		{B887BE89-ADC2-422B-B71B-4871FDE15DB7}.AppStore|ARM.Deploy.0 = Release|ARM
		{B887BE89-ADC2-422B-B71B-4871FDE15DB7}.AppStore|iPhone.ActiveCfg = Release|Any CPU
		{B887BE89-ADC2-422B-B71B-4871FDE15DB7}.AppStore|iPhoneSimulator.ActiveCfg = Release|Any CPU
		{B887BE89-ADC2-422B-B71B-4871FDE15DB7}.AppStore|Mixed Platforms.ActiveCfg = Release|x86
		{B887BE89-ADC2-422B-B71B-4871FDE15DB7}.AppStore|Mixed Platforms.Build.0 = Release|x86
		{B887BE89-ADC2-422B-B71B-4871FDE15DB7}.AppStore|Mixed Platforms.Deploy.0 = Release|x86
		{B887BE89-ADC2-422B-B71B-4871FDE15DB7}.AppStore|x64.ActiveCfg = Release|x64
		{B887BE89-ADC2-422B-B71B-4871FDE15DB7}.AppStore|x64.Build.0 = Release|x64
		{B887BE89-ADC2-422B-B71B-4871FDE15DB7}.AppStore|x64.Deploy.0 = Release|x64
		{B887BE89-ADC2-422B-B71B-4871FDE15DB7}.AppStore|x86.ActiveCfg = Release|x86
		{B887BE89-ADC2-422B-B71B-4871FDE15DB7}.AppStore|x86.Build.0 = Release|x86
		{B887BE89-ADC2-422B-B71B-4871FDE15DB7}.AppStore|x86.Deploy.0 = Release|x86
		{B887BE89-ADC2-422B-B71B-4871FDE15DB7}.Debug|Any CPU.ActiveCfg = Debug|Any CPU
		{B887BE89-ADC2-422B-B71B-4871FDE15DB7}.Debug|Any CPU.Build.0 = Debug|Any CPU
		{B887BE89-ADC2-422B-B71B-4871FDE15DB7}.Debug|Any CPU.Deploy.0 = Debug|Any CPU
		{B887BE89-ADC2-422B-B71B-4871FDE15DB7}.Debug|ARM.ActiveCfg = Debug|ARM
		{B887BE89-ADC2-422B-B71B-4871FDE15DB7}.Debug|ARM.Build.0 = Debug|ARM
		{B887BE89-ADC2-422B-B71B-4871FDE15DB7}.Debug|ARM.Deploy.0 = Debug|ARM
		{B887BE89-ADC2-422B-B71B-4871FDE15DB7}.Debug|iPhone.ActiveCfg = Debug|Any CPU
		{B887BE89-ADC2-422B-B71B-4871FDE15DB7}.Debug|iPhoneSimulator.ActiveCfg = Debug|Any CPU
		{B887BE89-ADC2-422B-B71B-4871FDE15DB7}.Debug|Mixed Platforms.ActiveCfg = Debug|x86
		{B887BE89-ADC2-422B-B71B-4871FDE15DB7}.Debug|Mixed Platforms.Build.0 = Debug|x86
		{B887BE89-ADC2-422B-B71B-4871FDE15DB7}.Debug|Mixed Platforms.Deploy.0 = Debug|x86
		{B887BE89-ADC2-422B-B71B-4871FDE15DB7}.Debug|x64.ActiveCfg = Debug|x64
		{B887BE89-ADC2-422B-B71B-4871FDE15DB7}.Debug|x64.Build.0 = Debug|x64
		{B887BE89-ADC2-422B-B71B-4871FDE15DB7}.Debug|x64.Deploy.0 = Debug|x64
		{B887BE89-ADC2-422B-B71B-4871FDE15DB7}.Debug|x86.ActiveCfg = Debug|x86
		{B887BE89-ADC2-422B-B71B-4871FDE15DB7}.Debug|x86.Build.0 = Debug|x86
		{B887BE89-ADC2-422B-B71B-4871FDE15DB7}.Debug|x86.Deploy.0 = Debug|x86
		{B887BE89-ADC2-422B-B71B-4871FDE15DB7}.Release|Any CPU.ActiveCfg = Release|Any CPU
		{B887BE89-ADC2-422B-B71B-4871FDE15DB7}.Release|Any CPU.Build.0 = Release|Any CPU
		{B887BE89-ADC2-422B-B71B-4871FDE15DB7}.Release|Any CPU.Deploy.0 = Release|Any CPU
		{B887BE89-ADC2-422B-B71B-4871FDE15DB7}.Release|ARM.ActiveCfg = Release|ARM
		{B887BE89-ADC2-422B-B71B-4871FDE15DB7}.Release|ARM.Build.0 = Release|ARM
		{B887BE89-ADC2-422B-B71B-4871FDE15DB7}.Release|ARM.Deploy.0 = Release|ARM
		{B887BE89-ADC2-422B-B71B-4871FDE15DB7}.Release|iPhone.ActiveCfg = Release|Any CPU
		{B887BE89-ADC2-422B-B71B-4871FDE15DB7}.Release|iPhoneSimulator.ActiveCfg = Release|Any CPU
		{B887BE89-ADC2-422B-B71B-4871FDE15DB7}.Release|Mixed Platforms.ActiveCfg = Release|x86
		{B887BE89-ADC2-422B-B71B-4871FDE15DB7}.Release|Mixed Platforms.Build.0 = Release|x86
		{B887BE89-ADC2-422B-B71B-4871FDE15DB7}.Release|Mixed Platforms.Deploy.0 = Release|x86
		{B887BE89-ADC2-422B-B71B-4871FDE15DB7}.Release|x64.ActiveCfg = Release|x64
		{B887BE89-ADC2-422B-B71B-4871FDE15DB7}.Release|x64.Build.0 = Release|x64
		{B887BE89-ADC2-422B-B71B-4871FDE15DB7}.Release|x64.Deploy.0 = Release|x64
		{B887BE89-ADC2-422B-B71B-4871FDE15DB7}.Release|x86.ActiveCfg = Release|x86
		{B887BE89-ADC2-422B-B71B-4871FDE15DB7}.Release|x86.Build.0 = Release|x86
		{B887BE89-ADC2-422B-B71B-4871FDE15DB7}.Release|x86.Deploy.0 = Release|x86
		{DAA36D62-D256-431F-90C7-623D2E2298CC}.Ad-Hoc|Any CPU.ActiveCfg = Release|Any CPU
		{DAA36D62-D256-431F-90C7-623D2E2298CC}.Ad-Hoc|Any CPU.Build.0 = Release|Any CPU
		{DAA36D62-D256-431F-90C7-623D2E2298CC}.Ad-Hoc|Any CPU.Deploy.0 = Release|Any CPU
		{DAA36D62-D256-431F-90C7-623D2E2298CC}.Ad-Hoc|ARM.ActiveCfg = Release|ARM
		{DAA36D62-D256-431F-90C7-623D2E2298CC}.Ad-Hoc|ARM.Build.0 = Release|ARM
		{DAA36D62-D256-431F-90C7-623D2E2298CC}.Ad-Hoc|ARM.Deploy.0 = Release|ARM
		{DAA36D62-D256-431F-90C7-623D2E2298CC}.Ad-Hoc|iPhone.ActiveCfg = Release|Any CPU
		{DAA36D62-D256-431F-90C7-623D2E2298CC}.Ad-Hoc|iPhoneSimulator.ActiveCfg = Release|Any CPU
		{DAA36D62-D256-431F-90C7-623D2E2298CC}.Ad-Hoc|Mixed Platforms.ActiveCfg = Release|x86
		{DAA36D62-D256-431F-90C7-623D2E2298CC}.Ad-Hoc|Mixed Platforms.Build.0 = Release|x86
		{DAA36D62-D256-431F-90C7-623D2E2298CC}.Ad-Hoc|Mixed Platforms.Deploy.0 = Release|x86
		{DAA36D62-D256-431F-90C7-623D2E2298CC}.Ad-Hoc|x64.ActiveCfg = Release|Any CPU
		{DAA36D62-D256-431F-90C7-623D2E2298CC}.Ad-Hoc|x86.ActiveCfg = Release|x86
		{DAA36D62-D256-431F-90C7-623D2E2298CC}.Ad-Hoc|x86.Build.0 = Release|x86
		{DAA36D62-D256-431F-90C7-623D2E2298CC}.Ad-Hoc|x86.Deploy.0 = Release|x86
		{DAA36D62-D256-431F-90C7-623D2E2298CC}.AppStore|Any CPU.ActiveCfg = Release|Any CPU
		{DAA36D62-D256-431F-90C7-623D2E2298CC}.AppStore|Any CPU.Build.0 = Release|Any CPU
		{DAA36D62-D256-431F-90C7-623D2E2298CC}.AppStore|Any CPU.Deploy.0 = Release|Any CPU
		{DAA36D62-D256-431F-90C7-623D2E2298CC}.AppStore|ARM.ActiveCfg = Release|ARM
		{DAA36D62-D256-431F-90C7-623D2E2298CC}.AppStore|ARM.Build.0 = Release|ARM
		{DAA36D62-D256-431F-90C7-623D2E2298CC}.AppStore|ARM.Deploy.0 = Release|ARM
		{DAA36D62-D256-431F-90C7-623D2E2298CC}.AppStore|iPhone.ActiveCfg = Release|Any CPU
		{DAA36D62-D256-431F-90C7-623D2E2298CC}.AppStore|iPhoneSimulator.ActiveCfg = Release|Any CPU
		{DAA36D62-D256-431F-90C7-623D2E2298CC}.AppStore|Mixed Platforms.ActiveCfg = Release|x86
		{DAA36D62-D256-431F-90C7-623D2E2298CC}.AppStore|Mixed Platforms.Build.0 = Release|x86
		{DAA36D62-D256-431F-90C7-623D2E2298CC}.AppStore|Mixed Platforms.Deploy.0 = Release|x86
		{DAA36D62-D256-431F-90C7-623D2E2298CC}.AppStore|x64.ActiveCfg = Release|Any CPU
		{DAA36D62-D256-431F-90C7-623D2E2298CC}.AppStore|x86.ActiveCfg = Release|x86
		{DAA36D62-D256-431F-90C7-623D2E2298CC}.AppStore|x86.Build.0 = Release|x86
		{DAA36D62-D256-431F-90C7-623D2E2298CC}.AppStore|x86.Deploy.0 = Release|x86
		{DAA36D62-D256-431F-90C7-623D2E2298CC}.Debug|Any CPU.ActiveCfg = Debug|Any CPU
		{DAA36D62-D256-431F-90C7-623D2E2298CC}.Debug|Any CPU.Build.0 = Debug|Any CPU
		{DAA36D62-D256-431F-90C7-623D2E2298CC}.Debug|Any CPU.Deploy.0 = Debug|Any CPU
		{DAA36D62-D256-431F-90C7-623D2E2298CC}.Debug|ARM.ActiveCfg = Debug|ARM
		{DAA36D62-D256-431F-90C7-623D2E2298CC}.Debug|ARM.Build.0 = Debug|ARM
		{DAA36D62-D256-431F-90C7-623D2E2298CC}.Debug|ARM.Deploy.0 = Debug|ARM
		{DAA36D62-D256-431F-90C7-623D2E2298CC}.Debug|iPhone.ActiveCfg = Debug|Any CPU
		{DAA36D62-D256-431F-90C7-623D2E2298CC}.Debug|iPhoneSimulator.ActiveCfg = Debug|Any CPU
		{DAA36D62-D256-431F-90C7-623D2E2298CC}.Debug|Mixed Platforms.ActiveCfg = Debug|x86
		{DAA36D62-D256-431F-90C7-623D2E2298CC}.Debug|Mixed Platforms.Build.0 = Debug|x86
		{DAA36D62-D256-431F-90C7-623D2E2298CC}.Debug|Mixed Platforms.Deploy.0 = Debug|x86
		{DAA36D62-D256-431F-90C7-623D2E2298CC}.Debug|x64.ActiveCfg = Debug|Any CPU
		{DAA36D62-D256-431F-90C7-623D2E2298CC}.Debug|x86.ActiveCfg = Debug|x86
		{DAA36D62-D256-431F-90C7-623D2E2298CC}.Debug|x86.Build.0 = Debug|x86
		{DAA36D62-D256-431F-90C7-623D2E2298CC}.Debug|x86.Deploy.0 = Debug|x86
		{DAA36D62-D256-431F-90C7-623D2E2298CC}.Release|Any CPU.ActiveCfg = Release|Any CPU
		{DAA36D62-D256-431F-90C7-623D2E2298CC}.Release|Any CPU.Build.0 = Release|Any CPU
		{DAA36D62-D256-431F-90C7-623D2E2298CC}.Release|Any CPU.Deploy.0 = Release|Any CPU
		{DAA36D62-D256-431F-90C7-623D2E2298CC}.Release|ARM.ActiveCfg = Release|ARM
		{DAA36D62-D256-431F-90C7-623D2E2298CC}.Release|ARM.Build.0 = Release|ARM
		{DAA36D62-D256-431F-90C7-623D2E2298CC}.Release|ARM.Deploy.0 = Release|ARM
		{DAA36D62-D256-431F-90C7-623D2E2298CC}.Release|iPhone.ActiveCfg = Release|Any CPU
		{DAA36D62-D256-431F-90C7-623D2E2298CC}.Release|iPhoneSimulator.ActiveCfg = Release|Any CPU
		{DAA36D62-D256-431F-90C7-623D2E2298CC}.Release|Mixed Platforms.ActiveCfg = Release|x86
		{DAA36D62-D256-431F-90C7-623D2E2298CC}.Release|Mixed Platforms.Build.0 = Release|x86
		{DAA36D62-D256-431F-90C7-623D2E2298CC}.Release|Mixed Platforms.Deploy.0 = Release|x86
		{DAA36D62-D256-431F-90C7-623D2E2298CC}.Release|x64.ActiveCfg = Release|Any CPU
		{DAA36D62-D256-431F-90C7-623D2E2298CC}.Release|x86.ActiveCfg = Release|x86
		{DAA36D62-D256-431F-90C7-623D2E2298CC}.Release|x86.Build.0 = Release|x86
		{DAA36D62-D256-431F-90C7-623D2E2298CC}.Release|x86.Deploy.0 = Release|x86
	EndGlobalSection
	GlobalSection(SolutionProperties) = preSolution
		HideSolutionNode = FALSE
	EndGlobalSection
EndGlobal
